// !$*UTF8*$!
{
	archiveVersion = 1;
	classes = {
	};
	objectVersion = 46;
	objects = {

/* Begin PBXBuildFile section */
		311F09501D6F02C000C5C92C /* main.m in Sources */ = {isa = PBXBuildFile; fileRef = 311F094F1D6F02C000C5C92C /* main.m */; };
		311F09531D6F02C000C5C92C /* AppDelegate.m in Sources */ = {isa = PBXBuildFile; fileRef = 311F09521D6F02C000C5C92C /* AppDelegate.m */; };
		311F09561D6F02C000C5C92C /* ViewController.m in Sources */ = {isa = PBXBuildFile; fileRef = 311F09551D6F02C000C5C92C /* ViewController.m */; };
		311F09591D6F02C000C5C92C /* Main.storyboard in Resources */ = {isa = PBXBuildFile; fileRef = 311F09571D6F02C000C5C92C /* Main.storyboard */; };
		311F095C1D6F02C000C5C92C /* SimpleTabBar.xcdatamodeld in Sources */ = {isa = PBXBuildFile; fileRef = 311F095A1D6F02C000C5C92C /* SimpleTabBar.xcdatamodeld */; };
		311F095E1D6F02C000C5C92C /* Assets.xcassets in Resources */ = {isa = PBXBuildFile; fileRef = 311F095D1D6F02C000C5C92C /* Assets.xcassets */; };
		311F09611D6F02C000C5C92C /* LaunchScreen.storyboard in Resources */ = {isa = PBXBuildFile; fileRef = 311F095F1D6F02C000C5C92C /* LaunchScreen.storyboard */; };
		311F096A1D6F02DD00C5C92C /* TabBarView.m in Sources */ = {isa = PBXBuildFile; fileRef = 311F09691D6F02DD00C5C92C /* TabBarView.m */; };
		311F096E1D6F034E00C5C92C /* SlideNavigationController.m in Sources */ = {isa = PBXBuildFile; fileRef = 311F096D1D6F034E00C5C92C /* SlideNavigationController.m */; };
		311F09701D6F03ED00C5C92C /* document.png in Resources */ = {isa = PBXBuildFile; fileRef = 311F096F1D6F03ED00C5C92C /* document.png */; };
/* End PBXBuildFile section */

/* Begin PBXFileReference section */
		311F094B1D6F02C000C5C92C /* SimpleTabBar.app */ = {isa = PBXFileReference; explicitFileType = wrapper.application; includeInIndex = 0; path = SimpleTabBar.app; sourceTree = BUILT_PRODUCTS_DIR; };
		311F094F1D6F02C000C5C92C /* main.m */ = {isa = PBXFileReference; lastKnownFileType = sourcecode.c.objc; path = main.m; sourceTree = "<group>"; };
		311F09511D6F02C000C5C92C /* AppDelegate.h */ = {isa = PBXFileReference; lastKnownFileType = sourcecode.c.h; path = AppDelegate.h; sourceTree = "<group>"; };
		311F09521D6F02C000C5C92C /* AppDelegate.m */ = {isa = PBXFileReference; lastKnownFileType = sourcecode.c.objc; path = AppDelegate.m; sourceTree = "<group>"; };
		311F09541D6F02C000C5C92C /* ViewController.h */ = {isa = PBXFileReference; lastKnownFileType = sourcecode.c.h; path = ViewController.h; sourceTree = "<group>"; };
		311F09551D6F02C000C5C92C /* ViewController.m */ = {isa = PBXFileReference; lastKnownFileType = sourcecode.c.objc; path = ViewController.m; sourceTree = "<group>"; };
		311F09581D6F02C000C5C92C /* Base */ = {isa = PBXFileReference; lastKnownFileType = file.storyboard; name = Base; path = Base.lproj/Main.storyboard; sourceTree = "<group>"; };
		311F095B1D6F02C000C5C92C /* SimpleTabBar.xcdatamodel */ = {isa = PBXFileReference; lastKnownFileType = wrapper.xcdatamodel; path = SimpleTabBar.xcdatamodel; sourceTree = "<group>"; };
		311F095D1D6F02C000C5C92C /* Assets.xcassets */ = {isa = PBXFileReference; lastKnownFileType = folder.assetcatalog; path = Assets.xcassets; sourceTree = "<group>"; };
		311F09601D6F02C000C5C92C /* Base */ = {isa = PBXFileReference; lastKnownFileType = file.storyboard; name = Base; path = Base.lproj/LaunchScreen.storyboard; sourceTree = "<group>"; };
		311F09621D6F02C000C5C92C /* Info.plist */ = {isa = PBXFileReference; lastKnownFileType = text.plist.xml; path = Info.plist; sourceTree = "<group>"; };
		311F09681D6F02DD00C5C92C /* TabBarView.h */ = {isa = PBXFileReference; fileEncoding = 4; lastKnownFileType = sourcecode.c.h; path = TabBarView.h; sourceTree = "<group>"; };
		311F09691D6F02DD00C5C92C /* TabBarView.m */ = {isa = PBXFileReference; fileEncoding = 4; lastKnownFileType = sourcecode.c.objc; path = TabBarView.m; sourceTree = "<group>"; };
		311F096B1D6F034E00C5C92C /* SlideNavigationContorllerAnimator.h */ = {isa = PBXFileReference; fileEncoding = 4; lastKnownFileType = sourcecode.c.h; path = SlideNavigationContorllerAnimator.h; sourceTree = "<group>"; };
		311F096C1D6F034E00C5C92C /* SlideNavigationController.h */ = {isa = PBXFileReference; fileEncoding = 4; lastKnownFileType = sourcecode.c.h; path = SlideNavigationController.h; sourceTree = "<group>"; };
		311F096D1D6F034E00C5C92C /* SlideNavigationController.m */ = {isa = PBXFileReference; fileEncoding = 4; lastKnownFileType = sourcecode.c.objc; path = SlideNavigationController.m; sourceTree = "<group>"; };
		311F096F1D6F03ED00C5C92C /* document.png */ = {isa = PBXFileReference; lastKnownFileType = image.png; path = document.png; sourceTree = "<group>"; };
/* End PBXFileReference section */

/* Begin PBXFrameworksBuildPhase section */
		311F09481D6F02C000C5C92C /* Frameworks */ = {
			isa = PBXFrameworksBuildPhase;
			buildActionMask = 2147483647;
			files = (
			);
			runOnlyForDeploymentPostprocessing = 0;
		};
/* End PBXFrameworksBuildPhase section */

/* Begin PBXGroup section */
		311F09421D6F02C000C5C92C = {
			isa = PBXGroup;
			children = (
				311F094D1D6F02C000C5C92C /* SimpleTabBar */,
				311F094C1D6F02C000C5C92C /* Products */,
			);
			sourceTree = "<group>";
		};
		311F094C1D6F02C000C5C92C /* Products */ = {
			isa = PBXGroup;
			children = (
				311F094B1D6F02C000C5C92C /* SimpleTabBar.app */,
			);
			name = Products;
			sourceTree = "<group>";
		};
		311F094D1D6F02C000C5C92C /* SimpleTabBar */ = {
			isa = PBXGroup;
			children = (
				311F09711D6F03F200C5C92C /* TabBar */,
				311F09511D6F02C000C5C92C /* AppDelegate.h */,
				311F09521D6F02C000C5C92C /* AppDelegate.m */,
				311F09541D6F02C000C5C92C /* ViewController.h */,
				311F09551D6F02C000C5C92C /* ViewController.m */,
				311F09571D6F02C000C5C92C /* Main.storyboard */,
				311F095D1D6F02C000C5C92C /* Assets.xcassets */,
				311F095F1D6F02C000C5C92C /* LaunchScreen.storyboard */,
				311F09621D6F02C000C5C92C /* Info.plist */,
				311F095A1D6F02C000C5C92C /* SimpleTabBar.xcdatamodeld */,
				311F094E1D6F02C000C5C92C /* Supporting Files */,
			);
			path = SimpleTabBar;
			sourceTree = "<group>";
		};
		311F094E1D6F02C000C5C92C /* Supporting Files */ = {
			isa = PBXGroup;
			children = (
				311F094F1D6F02C000C5C92C /* main.m */,
			);
			name = "Supporting Files";
			sourceTree = "<group>";
		};
		311F09711D6F03F200C5C92C /* TabBar */ = {
			isa = PBXGroup;
			children = (
				311F096F1D6F03ED00C5C92C /* document.png */,
				311F09681D6F02DD00C5C92C /* TabBarView.h */,
				311F09691D6F02DD00C5C92C /* TabBarView.m */,
				311F096B1D6F034E00C5C92C /* SlideNavigationContorllerAnimator.h */,
				311F096C1D6F034E00C5C92C /* SlideNavigationController.h */,
				311F096D1D6F034E00C5C92C /* SlideNavigationController.m */,
			);
			name = TabBar;
			sourceTree = "<group>";
		};
/* End PBXGroup section */

/* Begin PBXNativeTarget section */
		311F094A1D6F02C000C5C92C /* SimpleTabBar */ = {
			isa = PBXNativeTarget;
			buildConfigurationList = 311F09651D6F02C000C5C92C /* Build configuration list for PBXNativeTarget "SimpleTabBar" */;
			buildPhases = (
				311F09471D6F02C000C5C92C /* Sources */,
				311F09481D6F02C000C5C92C /* Frameworks */,
				311F09491D6F02C000C5C92C /* Resources */,
			);
			buildRules = (
			);
			dependencies = (
			);
			name = SimpleTabBar;
			productName = SimpleTabBar;
			productReference = 311F094B1D6F02C000C5C92C /* SimpleTabBar.app */;
			productType = "com.apple.product-type.application";
		};
/* End PBXNativeTarget section */

/* Begin PBXProject section */
		311F09431D6F02C000C5C92C /* Project object */ = {
			isa = PBXProject;
			attributes = {
				LastUpgradeCheck = 0730;
				ORGANIZATIONNAME = TQI;
				TargetAttributes = {
					311F094A1D6F02C000C5C92C = {
						CreatedOnToolsVersion = 7.3.1;
						DevelopmentTeam = H38JKR6Z26;
					};
				};
			};
			buildConfigurationList = 311F09461D6F02C000C5C92C /* Build configuration list for PBXProject "SimpleTabBar" */;
			compatibilityVersion = "Xcode 3.2";
			developmentRegion = English;
			hasScannedForEncodings = 0;
			knownRegions = (
				en,
				Base,
			);
			mainGroup = 311F09421D6F02C000C5C92C;
			productRefGroup = 311F094C1D6F02C000C5C92C /* Products */;
			projectDirPath = "";
			projectRoot = "";
			targets = (
				311F094A1D6F02C000C5C92C /* SimpleTabBar */,
			);
		};
/* End PBXProject section */

/* Begin PBXResourcesBuildPhase section */
		311F09491D6F02C000C5C92C /* Resources */ = {
			isa = PBXResourcesBuildPhase;
			buildActionMask = 2147483647;
			files = (
				311F09611D6F02C000C5C92C /* LaunchScreen.storyboard in Resources */,
				311F095E1D6F02C000C5C92C /* Assets.xcassets in Resources */,
				311F09701D6F03ED00C5C92C /* document.png in Resources */,
				311F09591D6F02C000C5C92C /* Main.storyboard in Resources */,
			);
			runOnlyForDeploymentPostprocessing = 0;
		};
/* End PBXResourcesBuildPhase section */

/* Begin PBXSourcesBuildPhase section */
		311F09471D6F02C000C5C92C /* Sources */ = {
			isa = PBXSourcesBuildPhase;
			buildActionMask = 2147483647;
			files = (
				311F096A1D6F02DD00C5C92C /* TabBarView.m in Sources */,
				311F09561D6F02C000C5C92C /* ViewController.m in Sources */,
				311F09531D6F02C000C5C92C /* AppDelegate.m in Sources */,
				311F096E1D6F034E00C5C92C /* SlideNavigationController.m in Sources */,
				311F09501D6F02C000C5C92C /* main.m in Sources */,
				311F095C1D6F02C000C5C92C /* SimpleTabBar.xcdatamodeld in Sources */,
			);
			runOnlyForDeploymentPostprocessing = 0;
		};
/* End PBXSourcesBuildPhase section */

/* Begin PBXVariantGroup section */
		311F09571D6F02C000C5C92C /* Main.storyboard */ = {
			isa = PBXVariantGroup;
			children = (
				311F09581D6F02C000C5C92C /* Base */,
			);
			name = Main.storyboard;
			sourceTree = "<group>";
		};
		311F095F1D6F02C000C5C92C /* LaunchScreen.storyboard */ = {
			isa = PBXVariantGroup;
			children = (
				311F09601D6F02C000C5C92C /* Base */,
			);
			name = LaunchScreen.storyboard;
			sourceTree = "<group>";
		};
/* End PBXVariantGroup section */

/* Begin XCBuildConfiguration section */
		311F09631D6F02C000C5C92C /* Debug */ = {
			isa = XCBuildConfiguration;
			buildSettings = {
				ALWAYS_SEARCH_USER_PATHS = NO;
				CLANG_ANALYZER_NONNULL = YES;
				CLANG_CXX_LANGUAGE_STANDARD = "gnu++0x";
				CLANG_CXX_LIBRARY = "libc++";
				CLANG_ENABLE_MODULES = YES;
				CLANG_ENABLE_OBJC_ARC = YES;
				CLANG_WARN_BOOL_CONVERSION = YES;
				CLANG_WARN_CONSTANT_CONVERSION = YES;
				CLANG_WARN_DIRECT_OBJC_ISA_USAGE = YES_ERROR;
				CLANG_WARN_EMPTY_BODY = YES;
				CLANG_WARN_ENUM_CONVERSION = YES;
				CLANG_WARN_INT_CONVERSION = YES;
				CLANG_WARN_OBJC_ROOT_CLASS = YES_ERROR;
				CLANG_WARN_UNREACHABLE_CODE = YES;
				CLANG_WARN__DUPLICATE_METHOD_MATCH = YES;
				"CODE_SIGN_IDENTITY[sdk=iphoneos*]" = "iPhone Developer";
				COPY_PHASE_STRIP = NO;
				DEBUG_INFORMATION_FORMAT = dwarf;
				ENABLE_STRICT_OBJC_MSGSEND = YES;
				ENABLE_TESTABILITY = YES;
				GCC_C_LANGUAGE_STANDARD = gnu99;
				GCC_DYNAMIC_NO_PIC = NO;
				GCC_NO_COMMON_BLOCKS = YES;
				GCC_OPTIMIZATION_LEVEL = 0;
				GCC_PREPROCESSOR_DEFINITIONS = (
					"DEBUG=1",
					"$(inherited)",
				);
				GCC_WARN_64_TO_32_BIT_CONVERSION = YES;
				GCC_WARN_ABOUT_RETURN_TYPE = YES_ERROR;
				GCC_WARN_UNDECLARED_SELECTOR = YES;
				GCC_WARN_UNINITIALIZED_AUTOS = YES_AGGRESSIVE;
				GCC_WARN_UNUSED_FUNCTION = YES;
				GCC_WARN_UNUSED_VARIABLE = YES;
				IPHONEOS_DEPLOYMENT_TARGET = 9.3;
				MTL_ENABLE_DEBUG_INFO = YES;
				ONLY_ACTIVE_ARCH = YES;
				SDKROOT = iphoneos;
				TARGETED_DEVICE_FAMILY = "1,2";
			};
			name = Debug;
		};
		311F09641D6F02C000C5C92C /* Release */ = {
			isa = XCBuildConfiguration;
			buildSettings = {
				ALWAYS_SEARCH_USER_PATHS = NO;
				CLANG_ANALYZER_NONNULL = YES;
				CLANG_CXX_LANGUAGE_STANDARD = "gnu++0x";
				CLANG_CXX_LIBRARY = "libc++";
				CLANG_ENABLE_MODULES = YES;
				CLANG_ENABLE_OBJC_ARC = YES;
				CLANG_WARN_BOOL_CONVERSION = YES;
				CLANG_WARN_CONSTANT_CONVERSION = YES;
				CLANG_WARN_DIRECT_OBJC_ISA_USAGE = YES_ERROR;
				CLANG_WARN_EMPTY_BODY = YES;
				CLANG_WARN_ENUM_CONVERSION = YES;
				CLANG_WARN_INT_CONVERSION = YES;
				CLANG_WARN_OBJC_ROOT_CLASS = YES_ERROR;
				CLANG_WARN_UNREACHABLE_CODE = YES;
				CLANG_WARN__DUPLICATE_METHOD_MATCH = YES;
				"CODE_SIGN_IDENTITY[sdk=iphoneos*]" = "iPhone Developer";
				COPY_PHASE_STRIP = NO;
				DEBUG_INFORMATION_FORMAT = "dwarf-with-dsym";
				ENABLE_NS_ASSERTIONS = NO;
				ENABLE_STRICT_OBJC_MSGSEND = YES;
				GCC_C_LANGUAGE_STANDARD = gnu99;
				GCC_NO_COMMON_BLOCKS = YES;
				GCC_WARN_64_TO_32_BIT_CONVERSION = YES;
				GCC_WARN_ABOUT_RETURN_TYPE = YES_ERROR;
				GCC_WARN_UNDECLARED_SELECTOR = YES;
				GCC_WARN_UNINITIALIZED_AUTOS = YES_AGGRESSIVE;
				GCC_WARN_UNUSED_FUNCTION = YES;
				GCC_WARN_UNUSED_VARIABLE = YES;
				IPHONEOS_DEPLOYMENT_TARGET = 9.3;
				MTL_ENABLE_DEBUG_INFO = NO;
				SDKROOT = iphoneos;
				TARGETED_DEVICE_FAMILY = "1,2";
				VALIDATE_PRODUCT = YES;
			};
			name = Release;
		};
		311F09661D6F02C000C5C92C /* Debug */ = {
			isa = XCBuildConfiguration;
			buildSettings = {
				ASSETCATALOG_COMPILER_APPICON_NAME = AppIcon;
				DEVELOPMENT_TEAM = H38JKR6Z26;
				INFOPLIST_FILE = SimpleTabBar/Info.plist;
				LD_RUNPATH_SEARCH_PATHS = "$(inherited) @executable_path/Frameworks";
				PRODUCT_BUNDLE_IDENTIFIER = "Luis-Teodoro.SimpleTabBar";
				PRODUCT_NAME = "$(TARGET_NAME)";
			};
			name = Debug;
		};
		311F09671D6F02C000C5C92C /* Release */ = {
			isa = XCBuildConfiguration;
			buildSettings = {
				ASSETCATALOG_COMPILER_APPICON_NAME = AppIcon;
				DEVELOPMENT_TEAM = H38JKR6Z26;
				INFOPLIST_FILE = SimpleTabBar/Info.plist;
				LD_RUNPATH_SEARCH_PATHS = "$(inherited) @executable_path/Frameworks";
				PRODUCT_BUNDLE_IDENTIFIER = "Luis-Teodoro.SimpleTabBar";
				PRODUCT_NAME = "$(TARGET_NAME)";
			};
			name = Release;
		};
/* End XCBuildConfiguration section */

/* Begin XCConfigurationList section */
		311F09461D6F02C000C5C92C /* Build configuration list for PBXProject "SimpleTabBar" */ = {
			isa = XCConfigurationList;
			buildConfigurations = (
				311F09631D6F02C000C5C92C /* Debug */,
				311F09641D6F02C000C5C92C /* Release */,
			);
			defaultConfigurationIsVisible = 0;
			defaultConfigurationName = Release;
		};
		311F09651D6F02C000C5C92C /* Build configuration list for PBXNativeTarget "SimpleTabBar" */ = {
			isa = XCConfigurationList;
			buildConfigurations = (
				311F09661D6F02C000C5C92C /* Debug */,
				311F09671D6F02C000C5C92C /* Release */,
			);
			defaultConfigurationIsVisible = 0;
			defaultConfigurationName = Release;
		};
/* End XCConfigurationList section */

/* Begin XCVersionGroup section */
		311F095A1D6F02C000C5C92C /* SimpleTabBar.xcdatamodeld */ = {
			isa = XCVersionGroup;
			children = (
				311F095B1D6F02C000C5C92C /* SimpleTabBar.xcdatamodel */,
			);
			currentVersion = 311F095B1D6F02C000C5C92C /* SimpleTabBar.xcdatamodel */;
			path = SimpleTabBar.xcdatamodeld;
			sourceTree = "<group>";
			versionGroupType = wrapper.xcdatamodel;
		};
/* End XCVersionGroup section */
	};
	rootObject = 311F09431D6F02C000C5C92C /* Project object */;
}
